// !$*UTF8*$!
{
	archiveVersion = 1;
	classes = {
	};
	objectVersion = 46;
	objects = {

/* Begin PBXBuildFile section */
		70FB13481A14EF1E00072852 /* AppDelegate.swift in Sources */ = {isa = PBXBuildFile; fileRef = 70FB13471A14EF1E00072852 /* AppDelegate.swift */; };
		70FB134A1A14EF1E00072852 /* ViewController.swift in Sources */ = {isa = PBXBuildFile; fileRef = 70FB13491A14EF1E00072852 /* ViewController.swift */; };
		70FB134D1A14EF1E00072852 /* Main.storyboard in Resources */ = {isa = PBXBuildFile; fileRef = 70FB134B1A14EF1E00072852 /* Main.storyboard */; };
		70FB134F1A14EF1E00072852 /* Images.xcassets in Resources */ = {isa = PBXBuildFile; fileRef = 70FB134E1A14EF1E00072852 /* Images.xcassets */; };
		70FB13521A14EF1E00072852 /* LaunchScreen.xib in Resources */ = {isa = PBXBuildFile; fileRef = 70FB13501A14EF1E00072852 /* LaunchScreen.xib */; };
		70FB135E1A14EF1E00072852 /* PostcardTests.swift in Sources */ = {isa = PBXBuildFile; fileRef = 70FB135D1A14EF1E00072852 /* PostcardTests.swift */; };
		70FB136E1A1587B800072852 /* AlbertEinsteinStamp.jpg in Resources */ = {isa = PBXBuildFile; fileRef = 70FB136D1A1587B800072852 /* AlbertEinsteinStamp.jpg */; };
		70FB136F1A1587B800072852 /* AlbertEinsteinStamp.jpg in Resources */ = {isa = PBXBuildFile; fileRef = 70FB136D1A1587B800072852 /* AlbertEinsteinStamp.jpg */; };
		70FB13711A1587C400072852 /* SagradaFamilia.jpeg in Resources */ = {isa = PBXBuildFile; fileRef = 70FB13701A1587C400072852 /* SagradaFamilia.jpeg */; };
		70FB13721A1587C400072852 /* SagradaFamilia.jpeg in Resources */ = {isa = PBXBuildFile; fileRef = 70FB13701A1587C400072852 /* SagradaFamilia.jpeg */; };
/* End PBXBuildFile section */

/* Begin PBXContainerItemProxy section */
		70FB13581A14EF1E00072852 /* PBXContainerItemProxy */ = {
			isa = PBXContainerItemProxy;
			containerPortal = 70FB133A1A14EF1E00072852 /* Project object */;
			proxyType = 1;
			remoteGlobalIDString = 70FB13411A14EF1E00072852;
			remoteInfo = Postcard;
		};
/* End PBXContainerItemProxy section */

/* Begin PBXFileReference section */
		70FB13421A14EF1E00072852 /* Postcard.app */ = {isa = PBXFileReference; explicitFileType = wrapper.application; includeInIndex = 0; path = Postcard.app; sourceTree = BUILT_PRODUCTS_DIR; };
		70FB13461A14EF1E00072852 /* Info.plist */ = {isa = PBXFileReference; lastKnownFileType = text.plist.xml; path = Info.plist; sourceTree = "<group>"; };
		70FB13471A14EF1E00072852 /* AppDelegate.swift */ = {isa = PBXFileReference; lastKnownFileType = sourcecode.swift; path = AppDelegate.swift; sourceTree = "<group>"; };
		70FB13491A14EF1E00072852 /* ViewController.swift */ = {isa = PBXFileReference; lastKnownFileType = sourcecode.swift; path = ViewController.swift; sourceTree = "<group>"; };
		70FB134C1A14EF1E00072852 /* Base */ = {isa = PBXFileReference; lastKnownFileType = file.storyboard; name = Base; path = Base.lproj/Main.storyboard; sourceTree = "<group>"; };
		70FB134E1A14EF1E00072852 /* Images.xcassets */ = {isa = PBXFileReference; lastKnownFileType = folder.assetcatalog; path = Images.xcassets; sourceTree = "<group>"; };
		70FB13511A14EF1E00072852 /* Base */ = {isa = PBXFileReference; lastKnownFileType = file.xib; name = Base; path = Base.lproj/LaunchScreen.xib; sourceTree = "<group>"; };
		70FB13571A14EF1E00072852 /* PostcardTests.xctest */ = {isa = PBXFileReference; explicitFileType = wrapper.cfbundle; includeInIndex = 0; path = PostcardTests.xctest; sourceTree = BUILT_PRODUCTS_DIR; };
		70FB135C1A14EF1E00072852 /* Info.plist */ = {isa = PBXFileReference; lastKnownFileType = text.plist.xml; path = Info.plist; sourceTree = "<group>"; };
		70FB135D1A14EF1E00072852 /* PostcardTests.swift */ = {isa = PBXFileReference; lastKnownFileType = sourcecode.swift; path = PostcardTests.swift; sourceTree = "<group>"; };
		70FB136D1A1587B800072852 /* AlbertEinsteinStamp.jpg */ = {isa = PBXFileReference; lastKnownFileType = image.jpeg; path = AlbertEinsteinStamp.jpg; sourceTree = "<group>"; };
		70FB13701A1587C400072852 /* SagradaFamilia.jpeg */ = {isa = PBXFileReference; lastKnownFileType = image.jpeg; path = SagradaFamilia.jpeg; sourceTree = "<group>"; };
/* End PBXFileReference section */

/* Begin PBXFrameworksBuildPhase section */
		70FB133F1A14EF1E00072852 /* Frameworks */ = {
			isa = PBXFrameworksBuildPhase;
			buildActionMask = 2147483647;
			files = (
			);
			runOnlyForDeploymentPostprocessing = 0;
		};
		70FB13541A14EF1E00072852 /* Frameworks */ = {
			isa = PBXFrameworksBuildPhase;
			buildActionMask = 2147483647;
			files = (
			);
			runOnlyForDeploymentPostprocessing = 0;
		};
/* End PBXFrameworksBuildPhase section */

/* Begin PBXGroup section */
		70FB13391A14EF1E00072852 = {
			isa = PBXGroup;
			children = (
				70FB13441A14EF1E00072852 /* Postcard */,
				70FB135A1A14EF1E00072852 /* PostcardTests */,
				70FB13431A14EF1E00072852 /* Products */,
			);
			sourceTree = "<group>";
		};
		70FB13431A14EF1E00072852 /* Products */ = {
			isa = PBXGroup;
			children = (
				70FB13421A14EF1E00072852 /* Postcard.app */,
				70FB13571A14EF1E00072852 /* PostcardTests.xctest */,
			);
			name = Products;
			sourceTree = "<group>";
		};
		70FB13441A14EF1E00072852 /* Postcard */ = {
			isa = PBXGroup;
			children = (
				70FB13471A14EF1E00072852 /* AppDelegate.swift */,
				70FB13491A14EF1E00072852 /* ViewController.swift */,
				70FB134B1A14EF1E00072852 /* Main.storyboard */,
				70FB134E1A14EF1E00072852 /* Images.xcassets */,
				70FB13501A14EF1E00072852 /* LaunchScreen.xib */,
				70FB13451A14EF1E00072852 /* Supporting Files */,
			);
			path = Postcard;
			sourceTree = "<group>";
		};
		70FB13451A14EF1E00072852 /* Supporting Files */ = {
			isa = PBXGroup;
			children = (
				70FB13701A1587C400072852 /* SagradaFamilia.jpeg */,
				70FB136D1A1587B800072852 /* AlbertEinsteinStamp.jpg */,
				70FB13461A14EF1E00072852 /* Info.plist */,
			);
			name = "Supporting Files";
			sourceTree = "<group>";
		};
		70FB135A1A14EF1E00072852 /* PostcardTests */ = {
			isa = PBXGroup;
			children = (
				70FB135D1A14EF1E00072852 /* PostcardTests.swift */,
				70FB135B1A14EF1E00072852 /* Supporting Files */,
			);
			path = PostcardTests;
			sourceTree = "<group>";
		};
		70FB135B1A14EF1E00072852 /* Supporting Files */ = {
			isa = PBXGroup;
			children = (
				70FB135C1A14EF1E00072852 /* Info.plist */,
			);
			name = "Supporting Files";
			sourceTree = "<group>";
		};
/* End PBXGroup section */

/* Begin PBXNativeTarget section */
		70FB13411A14EF1E00072852 /* Postcard */ = {
			isa = PBXNativeTarget;
			buildConfigurationList = 70FB13611A14EF1E00072852 /* Build configuration list for PBXNativeTarget "Postcard" */;
			buildPhases = (
				70FB133E1A14EF1E00072852 /* Sources */,
				70FB133F1A14EF1E00072852 /* Frameworks */,
				70FB13401A14EF1E00072852 /* Resources */,
			);
			buildRules = (
			);
			dependencies = (
			);
			name = Postcard;
			productName = Postcard;
			productReference = 70FB13421A14EF1E00072852 /* Postcard.app */;
			productType = "com.apple.product-type.application";
		};
		70FB13561A14EF1E00072852 /* PostcardTests */ = {
			isa = PBXNativeTarget;
			buildConfigurationList = 70FB13641A14EF1E00072852 /* Build configuration list for PBXNativeTarget "PostcardTests" */;
			buildPhases = (
				70FB13531A14EF1E00072852 /* Sources */,
				70FB13541A14EF1E00072852 /* Frameworks */,
				70FB13551A14EF1E00072852 /* Resources */,
			);
			buildRules = (
			);
			dependencies = (
				70FB13591A14EF1E00072852 /* PBXTargetDependency */,
			);
			name = PostcardTests;
			productName = PostcardTests;
			productReference = 70FB13571A14EF1E00072852 /* PostcardTests.xctest */;
			productType = "com.apple.product-type.bundle.unit-test";
		};
/* End PBXNativeTarget section */

/* Begin PBXProject section */
		70FB133A1A14EF1E00072852 /* Project object */ = {
			isa = PBXProject;
			attributes = {
				LastUpgradeCheck = 0610;
				ORGANIZATIONNAME = RAD;
				TargetAttributes = {
					70FB13411A14EF1E00072852 = {
						CreatedOnToolsVersion = 6.1;
					};
					70FB13561A14EF1E00072852 = {
						CreatedOnToolsVersion = 6.1;
						TestTargetID = 70FB13411A14EF1E00072852;
					};
				};
			};
			buildConfigurationList = 70FB133D1A14EF1E00072852 /* Build configuration list for PBXProject "Postcard" */;
			compatibilityVersion = "Xcode 3.2";
			developmentRegion = English;
			hasScannedForEncodings = 0;
			knownRegions = (
				en,
				Base,
			);
			mainGroup = 70FB13391A14EF1E00072852;
			productRefGroup = 70FB13431A14EF1E00072852 /* Products */;
			projectDirPath = "";
			projectRoot = "";
			targets = (
				70FB13411A14EF1E00072852 /* Postcard */,
				70FB13561A14EF1E00072852 /* PostcardTests */,
			);
		};
/* End PBXProject section */

/* Begin PBXResourcesBuildPhase section */
		70FB13401A14EF1E00072852 /* Resources */ = {
			isa = PBXResourcesBuildPhase;
			buildActionMask = 2147483647;
			files = (
				70FB13711A1587C400072852 /* SagradaFamilia.jpeg in Resources */,
				70FB134D1A14EF1E00072852 /* Main.storyboard in Resources */,
				70FB13521A14EF1E00072852 /* LaunchScreen.xib in Resources */,
				70FB134F1A14EF1E00072852 /* Images.xcassets in Resources */,
				70FB136E1A1587B800072852 /* AlbertEinsteinStamp.jpg in Resources */,
			);
			runOnlyForDeploymentPostprocessing = 0;
		};
		70FB13551A14EF1E00072852 /* Resources */ = {
			isa = PBXResourcesBuildPhase;
			buildActionMask = 2147483647;
			files = (
				70FB13721A1587C400072852 /* SagradaFamilia.jpeg in Resources */,
				70FB136F1A1587B800072852 /* AlbertEinsteinStamp.jpg in Resources */,
			);
			runOnlyForDeploymentPostprocessing = 0;
		};
/* End PBXResourcesBuildPhase section */

/* Begin PBXSourcesBuildPhase section */
		70FB133E1A14EF1E00072852 /* Sources */ = {
			isa = PBXSourcesBuildPhase;
			buildActionMask = 2147483647;
			files = (
				70FB134A1A14EF1E00072852 /* ViewController.swift in Sources */,
				70FB13481A14EF1E00072852 /* AppDelegate.swift in Sources */,
			);
			runOnlyForDeploymentPostprocessing = 0;
		};
		70FB13531A14EF1E00072852 /* Sources */ = {
			isa = PBXSourcesBuildPhase;
			buildActionMask = 2147483647;
			files = (
				70FB135E1A14EF1E00072852 /* PostcardTests.swift in Sources */,
			);
			runOnlyForDeploymentPostprocessing = 0;
		};
/* End PBXSourcesBuildPhase section */

/* Begin PBXTargetDependency section */
		70FB13591A14EF1E00072852 /* PBXTargetDependency */ = {
			isa = PBXTargetDependency;
			target = 70FB13411A14EF1E00072852 /* Postcard */;
			targetProxy = 70FB13581A14EF1E00072852 /* PBXContainerItemProxy */;
		};
/* End PBXTargetDependency section */

/* Begin PBXVariantGroup section */
		70FB134B1A14EF1E00072852 /* Main.storyboard */ = {
			isa = PBXVariantGroup;
			children = (
				70FB134C1A14EF1E00072852 /* Base */,
			);
			name = Main.storyboard;
			sourceTree = "<group>";
		};
		70FB13501A14EF1E00072852 /* LaunchScreen.xib */ = {
			isa = PBXVariantGroup;
			children = (
				70FB13511A14EF1E00072852 /* Base */,
			);
			name = LaunchScreen.xib;
			sourceTree = "<group>";
		};
/* End PBXVariantGroup section */

/* Begin XCBuildConfiguration section */
		70FB135F1A14EF1E00072852 /* Debug */ = {
			isa = XCBuildConfiguration;
			buildSettings = {
				ALWAYS_SEARCH_USER_PATHS = NO;
				CLANG_CXX_LANGUAGE_STANDARD = "gnu++0x";
				CLANG_CXX_LIBRARY = "libc++";
				CLANG_ENABLE_MODULES = YES;
				CLANG_ENABLE_OBJC_ARC = YES;
				CLANG_WARN_BOOL_CONVERSION = YES;
				CLANG_WARN_CONSTANT_CONVERSION = YES;
				CLANG_WARN_DIRECT_OBJC_ISA_USAGE = YES_ERROR;
				CLANG_WARN_EMPTY_BODY = YES;
				CLANG_WARN_ENUM_CONVERSION = YES;
				CLANG_WARN_INT_CONVERSION = YES;
				CLANG_WARN_OBJC_ROOT_CLASS = YES_ERROR;
				CLANG_WARN_UNREACHABLE_CODE = YES;
				CLANG_WARN__DUPLICATE_METHOD_MATCH = YES;
				"CODE_SIGN_IDENTITY[sdk=iphoneos*]" = "iPhone Developer";
				COPY_PHASE_STRIP = NO;
				ENABLE_STRICT_OBJC_MSGSEND = YES;
				GCC_C_LANGUAGE_STANDARD = gnu99;
				GCC_DYNAMIC_NO_PIC = NO;
				GCC_OPTIMIZATION_LEVEL = 0;
				GCC_PREPROCESSOR_DEFINITIONS = (
					"DEBUG=1",
					"$(inherited)",
				);
				GCC_SYMBOLS_PRIVATE_EXTERN = NO;
				GCC_WARN_64_TO_32_BIT_CONVERSION = YES;
				GCC_WARN_ABOUT_RETURN_TYPE = YES_ERROR;
				GCC_WARN_UNDECLARED_SELECTOR = YES;
				GCC_WARN_UNINITIALIZED_AUTOS = YES_AGGRESSIVE;
				GCC_WARN_UNUSED_FUNCTION = YES;
				GCC_WARN_UNUSED_VARIABLE = YES;
				IPHONEOS_DEPLOYMENT_TARGET = 8.1;
				MTL_ENABLE_DEBUG_INFO = YES;
				ONLY_ACTIVE_ARCH = YES;
				SDKROOT = iphoneos;
				SWIFT_OPTIMIZATION_LEVEL = "-Onone";
				TARGETED_DEVICE_FAMILY = "1,2";
			};
			name = Debug;
		};
		70FB13601A14EF1E00072852 /* Release */ = {
			isa = XCBuildConfiguration;
			buildSettings = {
				ALWAYS_SEARCH_USER_PATHS = NO;
				CLANG_CXX_LANGUAGE_STANDARD = "gnu++0x";
				CLANG_CXX_LIBRARY = "libc++";
				CLANG_ENABLE_MODULES = YES;
				CLANG_ENABLE_OBJC_ARC = YES;
				CLANG_WARN_BOOL_CONVERSION = YES;
				CLANG_WARN_CONSTANT_CONVERSION = YES;
				CLANG_WARN_DIRECT_OBJC_ISA_USAGE = YES_ERROR;
				CLANG_WARN_EMPTY_BODY = YES;
				CLANG_WARN_ENUM_CONVERSION = YES;
				CLANG_WARN_INT_CONVERSION = YES;
				CLANG_WARN_OBJC_ROOT_CLASS = YES_ERROR;
				CLANG_WARN_UNREACHABLE_CODE = YES;
				CLANG_WARN__DUPLICATE_METHOD_MATCH = YES;
				"CODE_SIGN_IDENTITY[sdk=iphoneos*]" = "iPhone Developer";
				COPY_PHASE_STRIP = YES;
				ENABLE_NS_ASSERTIONS = NO;
				ENABLE_STRICT_OBJC_MSGSEND = YES;
				GCC_C_LANGUAGE_STANDARD = gnu99;
				GCC_WARN_64_TO_32_BIT_CONVERSION = YES;
				GCC_WARN_ABOUT_RETURN_TYPE = YES_ERROR;
				GCC_WARN_UNDECLARED_SELECTOR = YES;
				GCC_WARN_UNINITIALIZED_AUTOS = YES_AGGRESSIVE;
				GCC_WARN_UNUSED_FUNCTION = YES;
				GCC_WARN_UNUSED_VARIABLE = YES;
				IPHONEOS_DEPLOYMENT_TARGET = 8.1;
				MTL_ENABLE_DEBUG_INFO = NO;
				SDKROOT = iphoneos;
				TARGETED_DEVICE_FAMILY = "1,2";
				VALIDATE_PRODUCT = YES;
			};
			name = Release;
		};
		70FB13621A14EF1E00072852 /* Debug */ = {
			isa = XCBuildConfiguration;
			buildSettings = {
				ASSETCATALOG_COMPILER_APPICON_NAME = AppIcon;
				INFOPLIST_FILE = Postcard/Info.plist;
				LD_RUNPATH_SEARCH_PATHS = "$(inherited) @executable_path/Frameworks";
				PRODUCT_NAME = "$(TARGET_NAME)";
			};
			name = Debug;
		};
		70FB13631A14EF1E00072852 /* Release */ = {
			isa = XCBuildConfiguration;
			buildSettings = {
				ASSETCATALOG_COMPILER_APPICON_NAME = AppIcon;
				INFOPLIST_FILE = Postcard/Info.plist;
				LD_RUNPATH_SEARCH_PATHS = "$(inherited) @executable_path/Frameworks";
				PRODUCT_NAME = "$(TARGET_NAME)";
			};
			name = Release;
		};
		70FB13651A14EF1E00072852 /* Debug */ = {
			isa = XCBuildConfiguration;
			buildSettings = {
				BUNDLE_LOADER = "$(TEST_HOST)";
				FRAMEWORK_SEARCH_PATHS = (
					"$(SDKROOT)/Developer/Library/Frameworks",
					"$(inherited)",
				);
				GCC_PREPROCESSOR_DEFINITIONS = (
					"DEBUG=1",
					"$(inherited)",
				);
				INFOPLIST_FILE = PostcardTests/Info.plist;
				LD_RUNPATH_SEARCH_PATHS = "$(inherited) @executable_path/Frameworks @loader_path/Frameworks";
				PRODUCT_NAME = "$(TARGET_NAME)";
				TEST_HOST = "$(BUILT_PRODUCTS_DIR)/Postcard.app/Postcard";
			};
			name = Debug;
		};
		70FB13661A14EF1E00072852 /* Release */ = {
			isa = XCBuildConfiguration;
			buildSettings = {
				BUNDLE_LOADER = "$(TEST_HOST)";
				FRAMEWORK_SEARCH_PATHS = (
					"$(SDKROOT)/Developer/Library/Frameworks",
					"$(inherited)",
				);
				INFOPLIST_FILE = PostcardTests/Info.plist;
				LD_RUNPATH_SEARCH_PATHS = "$(inherited) @executable_path/Frameworks @loader_path/Frameworks";
				PRODUCT_NAME = "$(TARGET_NAME)";
				TEST_HOST = "$(BUILT_PRODUCTS_DIR)/Postcard.app/Postcard";
			};
			name = Release;
		};
/* End XCBuildConfiguration section */

/* Begin XCConfigurationList section */
		70FB133D1A14EF1E00072852 /* Build configuration list for PBXProject "Postcard" */ = {
			isa = XCConfigurationList;
			buildConfigurations = (
				70FB135F1A14EF1E00072852 /* Debug */,
				70FB13601A14EF1E00072852 /* Release */,
			);
			defaultConfigurationIsVisible = 0;
			defaultConfigurationName = Release;
		};
		70FB13611A14EF1E00072852 /* Build configuration list for PBXNativeTarget "Postcard" */ = {
			isa = XCConfigurationList;
			buildConfigurations = (
				70FB13621A14EF1E00072852 /* Debug */,
				70FB13631A14EF1E00072852 /* Release */,
			);
			defaultConfigurationIsVisible = 0;
			defaultConfigurationName = Release;
		};
		70FB13641A14EF1E00072852 /* Build configuration list for PBXNativeTarget "PostcardTests" */ = {
			isa = XCConfigurationList;
			buildConfigurations = (
				70FB13651A14EF1E00072852 /* Debug */,
				70FB13661A14EF1E00072852 /* Release */,
			);
			defaultConfigurationIsVisible = 0;
			defaultConfigurationName = Release;
		};
/* End XCConfigurationList section */
	};
	rootObject = 70FB133A1A14EF1E00072852 /* Project object */;
}
